
Microsoft Visual Studio Solution File, Format Version 12.00
# Visual Studio Version 16
VisualStudioVersion = 16.0.30907.101
MinimumVisualStudioVersion = 10.0.40219.1
Project("{FAE04EC0-301F-11D3-BF4B-00C04F79EFBC}") = "CSharpandJavaScript", "CSharpandJavaScript.csproj", "{0B24AB92-E46C-4B2B-A9BA-54FC3EB0094E}"
EndProject
Global
	GlobalSection(SolutionConfigurationPlatforms) = preSolution
		Debug|Any CPU = Debug|Any CPU
		Release|Any CPU = Release|Any CPU
	EndGlobalSection
	GlobalSection(ProjectConfigurationPlatforms) = postSolution
		{0B24AB92-E46C-4B2B-A9BA-54FC3EB0094E}.Debug|Any CPU.ActiveCfg = Debug|Any CPU
		{0B24AB92-E46C-4B2B-A9BA-54FC3EB0094E}.Debug|Any CPU.Build.0 = Debug|Any CPU
		{0B24AB92-E46C-4B2B-A9BA-54FC3EB0094E}.Release|Any CPU.ActiveCfg = Release|Any CPU
		{0B24AB92-E46C-4B2B-A9BA-54FC3EB0094E}.Release|Any CPU.Build.0 = Release|Any CPU
	EndGlobalSection
	GlobalSection(SolutionProperties) = preSolution
		HideSolutionNode = FALSE
	EndGlobalSection
	GlobalSection(ExtensibilityGlobals) = postSolution
		SolutionGuid = {6C40B3CC-DD8E-4381-822A-B8E4F22440B8}
	EndGlobalSection
EndGlobal
